// !$*UTF8*$!
{
	archiveVersion = 1;
	classes = {
	};
	objectVersion = 46;
	objects = {

/* Begin PBXBuildFile section */
		3B428C8C17D992B100A6DB3C /* SVSegmentedControl.m in Sources */ = {isa = PBXBuildFile; fileRef = 3B428C8917D992B100A6DB3C /* SVSegmentedControl.m */; };
		3B428C8D17D992B100A6DB3C /* SVSegmentedThumb.m in Sources */ = {isa = PBXBuildFile; fileRef = 3B428C8B17D992B100A6DB3C /* SVSegmentedThumb.m */; };
		3B428C9017D9930C00A6DB3C /* QuartzCore.framework in Frameworks */ = {isa = PBXBuildFile; fileRef = 3B428C8E17D992F900A6DB3C /* QuartzCore.framework */; };
		3B5E231717D9C014008C8D14 /* DYTopicModel.m in Sources */ = {isa = PBXBuildFile; fileRef = 3B5E231517D9C014008C8D14 /* DYTopicModel.m */; };
		3B5E231817D9C014008C8D14 /* DYModel.m in Sources */ = {isa = PBXBuildFile; fileRef = 3B5E231617D9C014008C8D14 /* DYModel.m */; };
		3B5E9E6417DEB8EF002D317A /* DYLogContentViewController.m in Sources */ = {isa = PBXBuildFile; fileRef = 3B5E9E6217DEB8EF002D317A /* DYLogContentViewController.m */; };
		3B5E9E6517DEB8EF002D317A /* DYLogContentViewController.xib in Resources */ = {isa = PBXBuildFile; fileRef = 3B5E9E6317DEB8EF002D317A /* DYLogContentViewController.xib */; };
		3B5E9E9517DEE806002D317A /* NSObject+SBJson.m in Sources */ = {isa = PBXBuildFile; fileRef = 3B5E9E6917DEE806002D317A /* NSObject+SBJson.m */; };
		3B5E9E9617DEE806002D317A /* SBJsonParser.m in Sources */ = {isa = PBXBuildFile; fileRef = 3B5E9E6C17DEE806002D317A /* SBJsonParser.m */; };
		3B5E9E9717DEE806002D317A /* SBJsonStreamParser.m in Sources */ = {isa = PBXBuildFile; fileRef = 3B5E9E6E17DEE806002D317A /* SBJsonStreamParser.m */; };
		3B5E9E9817DEE806002D317A /* SBJsonStreamParserAccumulator.m in Sources */ = {isa = PBXBuildFile; fileRef = 3B5E9E7017DEE806002D317A /* SBJsonStreamParserAccumulator.m */; };
		3B5E9E9917DEE806002D317A /* SBJsonStreamParserAdapter.m in Sources */ = {isa = PBXBuildFile; fileRef = 3B5E9E7217DEE806002D317A /* SBJsonStreamParserAdapter.m */; };
		3B5E9E9A17DEE806002D317A /* SBJsonStreamParserState.m in Sources */ = {isa = PBXBuildFile; fileRef = 3B5E9E7417DEE806002D317A /* SBJsonStreamParserState.m */; };
		3B5E9E9B17DEE806002D317A /* SBJsonStreamWriter.m in Sources */ = {isa = PBXBuildFile; fileRef = 3B5E9E7617DEE806002D317A /* SBJsonStreamWriter.m */; };
		3B5E9E9C17DEE806002D317A /* SBJsonStreamWriterAccumulator.m in Sources */ = {isa = PBXBuildFile; fileRef = 3B5E9E7817DEE806002D317A /* SBJsonStreamWriterAccumulator.m */; };
		3B5E9E9D17DEE806002D317A /* SBJsonStreamWriterState.m in Sources */ = {isa = PBXBuildFile; fileRef = 3B5E9E7A17DEE806002D317A /* SBJsonStreamWriterState.m */; };
		3B5E9E9E17DEE806002D317A /* SBJsonTokeniser.m in Sources */ = {isa = PBXBuildFile; fileRef = 3B5E9E7C17DEE806002D317A /* SBJsonTokeniser.m */; };
		3B5E9E9F17DEE806002D317A /* SBJsonUTF8Stream.m in Sources */ = {isa = PBXBuildFile; fileRef = 3B5E9E7E17DEE806002D317A /* SBJsonUTF8Stream.m */; };
		3B5E9EA017DEE806002D317A /* SBJsonWriter.m in Sources */ = {isa = PBXBuildFile; fileRef = 3B5E9E8017DEE806002D317A /* SBJsonWriter.m */; };
		3B5E9EA117DEE806002D317A /* SocketIO.m in Sources */ = {isa = PBXBuildFile; fileRef = 3B5E9E8317DEE806002D317A /* SocketIO.m */; };
		3B5E9EA217DEE806002D317A /* SocketIOJSONSerialization.m in Sources */ = {isa = PBXBuildFile; fileRef = 3B5E9E8517DEE806002D317A /* SocketIOJSONSerialization.m */; };
		3B5E9EA317DEE806002D317A /* SocketIOPacket.m in Sources */ = {isa = PBXBuildFile; fileRef = 3B5E9E8717DEE806002D317A /* SocketIOPacket.m */; };
		3B5E9EA417DEE806002D317A /* SocketIOTransportWebsocket.m in Sources */ = {isa = PBXBuildFile; fileRef = 3B5E9E8A17DEE806002D317A /* SocketIOTransportWebsocket.m */; };
		3B5E9EA517DEE806002D317A /* SocketIOTransportXHR.m in Sources */ = {isa = PBXBuildFile; fileRef = 3B5E9E8C17DEE806002D317A /* SocketIOTransportXHR.m */; };
		3B5E9EA617DEE806002D317A /* base64.c in Sources */ = {isa = PBXBuildFile; fileRef = 3B5E9E8E17DEE806002D317A /* base64.c */; };
		3B5E9EA717DEE806002D317A /* NSData+SRB64Additions.m in Sources */ = {isa = PBXBuildFile; fileRef = 3B5E9E9117DEE806002D317A /* NSData+SRB64Additions.m */; };
		3B5E9EA817DEE806002D317A /* SRWebSocket.m in Sources */ = {isa = PBXBuildFile; fileRef = 3B5E9E9417DEE806002D317A /* SRWebSocket.m */; };
		3B5E9EAF17DEE858002D317A /* libicucore.dylib in Frameworks */ = {isa = PBXBuildFile; fileRef = 3B5E9EAD17DEE843002D317A /* libicucore.dylib */; };
		3B5E9EB017DEE861002D317A /* CFNetwork.framework in Frameworks */ = {isa = PBXBuildFile; fileRef = 3B5E9EAB17DEE828002D317A /* CFNetwork.framework */; };
		3B5E9EB117DEE869002D317A /* Security.framework in Frameworks */ = {isa = PBXBuildFile; fileRef = 3B5E9EA917DEE813002D317A /* Security.framework */; };
		3B651E2417E0371700B07B24 /* doyo_06@2x.png in Resources */ = {isa = PBXBuildFile; fileRef = 3B651E2317E0371700B07B24 /* doyo_06@2x.png */; };
		3B651E2617E03AB500B07B24 /* tab_back@2x.png in Resources */ = {isa = PBXBuildFile; fileRef = 3B651E2517E03AB500B07B24 /* tab_back@2x.png */; };
		3B651E2817E03C3F00B07B24 /* tab_selected_back@2x.png in Resources */ = {isa = PBXBuildFile; fileRef = 3B651E2717E03C3F00B07B24 /* tab_selected_back@2x.png */; };
		3BA2A78917D82680009342F9 /* DYCell.m in Sources */ = {isa = PBXBuildFile; fileRef = 3BA2A78817D8267F009342F9 /* DYCell.m */; };
		3BA2A78C17D83F56009342F9 /* DYManager.m in Sources */ = {isa = PBXBuildFile; fileRef = 3BA2A78B17D83F56009342F9 /* DYManager.m */; };
		3BA53BE317DD8AB400800388 /* DYTwiLoginViewController.m in Sources */ = {isa = PBXBuildFile; fileRef = 3BA53BE117DD8AB400800388 /* DYTwiLoginViewController.m */; };
		3BA53BE417DD8AB400800388 /* DYTwiLoginViewController.xib in Resources */ = {isa = PBXBuildFile; fileRef = 3BA53BE217DD8AB400800388 /* DYTwiLoginViewController.xib */; };
		3BA53BE917DD8B9E00800388 /* Accounts.framework in Frameworks */ = {isa = PBXBuildFile; fileRef = 3BA53BE517DD8B8700800388 /* Accounts.framework */; };
		3BA53BEA17DD8BA500800388 /* Social.framework in Frameworks */ = {isa = PBXBuildFile; fileRef = 3BA53BE717DD8B8E00800388 /* Social.framework */; };
		3BA53BEF17DD9F4500800388 /* SVProgressHUD.bundle in Resources */ = {isa = PBXBuildFile; fileRef = 3BA53BEC17DD9F4500800388 /* SVProgressHUD.bundle */; };
		3BA53BF017DD9F4500800388 /* SVProgressHUD.m in Sources */ = {isa = PBXBuildFile; fileRef = 3BA53BEE17DD9F4500800388 /* SVProgressHUD.m */; };
		3BCE251617D71C9F00C9ABC1 /* UIKit.framework in Frameworks */ = {isa = PBXBuildFile; fileRef = 3BCE251517D71C9F00C9ABC1 /* UIKit.framework */; };
		3BCE251817D71C9F00C9ABC1 /* Foundation.framework in Frameworks */ = {isa = PBXBuildFile; fileRef = 3BCE251717D71C9F00C9ABC1 /* Foundation.framework */; };
		3BCE251A17D71C9F00C9ABC1 /* CoreGraphics.framework in Frameworks */ = {isa = PBXBuildFile; fileRef = 3BCE251917D71C9F00C9ABC1 /* CoreGraphics.framework */; };
		3BCE252017D71CA000C9ABC1 /* InfoPlist.strings in Resources */ = {isa = PBXBuildFile; fileRef = 3BCE251E17D71CA000C9ABC1 /* InfoPlist.strings */; };
		3BCE252217D71CA000C9ABC1 /* main.m in Sources */ = {isa = PBXBuildFile; fileRef = 3BCE252117D71CA000C9ABC1 /* main.m */; };
		3BCE252617D71CA000C9ABC1 /* DYAppDelegate.m in Sources */ = {isa = PBXBuildFile; fileRef = 3BCE252517D71CA000C9ABC1 /* DYAppDelegate.m */; };
		3BCE252817D71CA000C9ABC1 /* Default.png in Resources */ = {isa = PBXBuildFile; fileRef = 3BCE252717D71CA000C9ABC1 /* Default.png */; };
		3BCE252A17D71CA000C9ABC1 /* Default@2x.png in Resources */ = {isa = PBXBuildFile; fileRef = 3BCE252917D71CA000C9ABC1 /* Default@2x.png */; };
		3BCE252C17D71CA000C9ABC1 /* Default-568h@2x.png in Resources */ = {isa = PBXBuildFile; fileRef = 3BCE252B17D71CA000C9ABC1 /* Default-568h@2x.png */; };
		3BE20BCE17D8D90B001B3D85 /* DYTLViewController.m in Sources */ = {isa = PBXBuildFile; fileRef = 3BE20BCC17D8D90B001B3D85 /* DYTLViewController.m */; };
		3BE20BCF17D8D90B001B3D85 /* DYTLViewController.xib in Resources */ = {isa = PBXBuildFile; fileRef = 3BE20BCD17D8D90B001B3D85 /* DYTLViewController.xib */; };
		3BF14E5D17D81DC500352727 /* DYTopicViewController.m in Sources */ = {isa = PBXBuildFile; fileRef = 3BF14E5B17D81DC500352727 /* DYTopicViewController.m */; };
		3BF14E5E17D81DC500352727 /* DYTopicViewController.xib in Resources */ = {isa = PBXBuildFile; fileRef = 3BF14E5C17D81DC500352727 /* DYTopicViewController.xib */; };
		3BF14E6217D81DDD00352727 /* DYLogViewController.m in Sources */ = {isa = PBXBuildFile; fileRef = 3BF14E6017D81DDD00352727 /* DYLogViewController.m */; };
		3BF14E6317D81DDD00352727 /* DYLogViewController.xib in Resources */ = {isa = PBXBuildFile; fileRef = 3BF14E6117D81DDD00352727 /* DYLogViewController.xib */; };
		3BF14E6717D81DF500352727 /* DYProfileViewController.m in Sources */ = {isa = PBXBuildFile; fileRef = 3BF14E6517D81DF500352727 /* DYProfileViewController.m */; };
		3BF14E6817D81DF500352727 /* DYProfileViewController.xib in Resources */ = {isa = PBXBuildFile; fileRef = 3BF14E6617D81DF500352727 /* DYProfileViewController.xib */; };
		3BF14E6C17D81E8F00352727 /* DYCommentPostViewController.m in Sources */ = {isa = PBXBuildFile; fileRef = 3BF14E6A17D81E8F00352727 /* DYCommentPostViewController.m */; };
		3BF14E6D17D81E8F00352727 /* DYCommentPostViewController.xib in Resources */ = {isa = PBXBuildFile; fileRef = 3BF14E6B17D81E8F00352727 /* DYCommentPostViewController.xib */; };
		3BF14E7117D81EAD00352727 /* DYTopicPostViewController.m in Sources */ = {isa = PBXBuildFile; fileRef = 3BF14E6F17D81EAD00352727 /* DYTopicPostViewController.m */; };
		3BF14E7217D81EAD00352727 /* DYTopicPostViewController.xib in Resources */ = {isa = PBXBuildFile; fileRef = 3BF14E7017D81EAD00352727 /* DYTopicPostViewController.xib */; };
/* End PBXBuildFile section */

/* Begin PBXFileReference section */
		3B428C8817D992B100A6DB3C /* SVSegmentedControl.h */ = {isa = PBXFileReference; fileEncoding = 4; lastKnownFileType = sourcecode.c.h; path = SVSegmentedControl.h; sourceTree = "<group>"; };
		3B428C8917D992B100A6DB3C /* SVSegmentedControl.m */ = {isa = PBXFileReference; fileEncoding = 4; lastKnownFileType = sourcecode.c.objc; path = SVSegmentedControl.m; sourceTree = "<group>"; };
		3B428C8A17D992B100A6DB3C /* SVSegmentedThumb.h */ = {isa = PBXFileReference; fileEncoding = 4; lastKnownFileType = sourcecode.c.h; path = SVSegmentedThumb.h; sourceTree = "<group>"; };
		3B428C8B17D992B100A6DB3C /* SVSegmentedThumb.m */ = {isa = PBXFileReference; fileEncoding = 4; lastKnownFileType = sourcecode.c.objc; path = SVSegmentedThumb.m; sourceTree = "<group>"; };
		3B428C8E17D992F900A6DB3C /* QuartzCore.framework */ = {isa = PBXFileReference; lastKnownFileType = wrapper.framework; name = QuartzCore.framework; path = System/Library/Frameworks/QuartzCore.framework; sourceTree = SDKROOT; };
		3B5E231317D9C014008C8D14 /* DYModel.h */ = {isa = PBXFileReference; fileEncoding = 4; lastKnownFileType = sourcecode.c.h; name = DYModel.h; path = Model/DYModel.h; sourceTree = "<group>"; };
		3B5E231417D9C014008C8D14 /* DYTopicModel.h */ = {isa = PBXFileReference; fileEncoding = 4; lastKnownFileType = sourcecode.c.h; name = DYTopicModel.h; path = Model/DYTopicModel.h; sourceTree = "<group>"; };
		3B5E231517D9C014008C8D14 /* DYTopicModel.m */ = {isa = PBXFileReference; fileEncoding = 4; lastKnownFileType = sourcecode.c.objc; name = DYTopicModel.m; path = Model/DYTopicModel.m; sourceTree = "<group>"; };
		3B5E231617D9C014008C8D14 /* DYModel.m */ = {isa = PBXFileReference; fileEncoding = 4; lastKnownFileType = sourcecode.c.objc; name = DYModel.m; path = Model/DYModel.m; sourceTree = "<group>"; };
		3B5E9E6117DEB8EF002D317A /* DYLogContentViewController.h */ = {isa = PBXFileReference; fileEncoding = 4; lastKnownFileType = sourcecode.c.h; path = DYLogContentViewController.h; sourceTree = "<group>"; };
		3B5E9E6217DEB8EF002D317A /* DYLogContentViewController.m */ = {isa = PBXFileReference; fileEncoding = 4; lastKnownFileType = sourcecode.c.objc; path = DYLogContentViewController.m; sourceTree = "<group>"; };
		3B5E9E6317DEB8EF002D317A /* DYLogContentViewController.xib */ = {isa = PBXFileReference; fileEncoding = 4; lastKnownFileType = file.xib; path = DYLogContentViewController.xib; sourceTree = "<group>"; };
		3B5E9E6817DEE806002D317A /* NSObject+SBJson.h */ = {isa = PBXFileReference; fileEncoding = 4; lastKnownFileType = sourcecode.c.h; path = "NSObject+SBJson.h"; sourceTree = "<group>"; };
		3B5E9E6917DEE806002D317A /* NSObject+SBJson.m */ = {isa = PBXFileReference; fileEncoding = 4; lastKnownFileType = sourcecode.c.objc; path = "NSObject+SBJson.m"; sourceTree = "<group>"; };
		3B5E9E6A17DEE806002D317A /* SBJson.h */ = {isa = PBXFileReference; fileEncoding = 4; lastKnownFileType = sourcecode.c.h; path = SBJson.h; sourceTree = "<group>"; };
		3B5E9E6B17DEE806002D317A /* SBJsonParser.h */ = {isa = PBXFileReference; fileEncoding = 4; lastKnownFileType = sourcecode.c.h; path = SBJsonParser.h; sourceTree = "<group>"; };
		3B5E9E6C17DEE806002D317A /* SBJsonParser.m */ = {isa = PBXFileReference; fileEncoding = 4; lastKnownFileType = sourcecode.c.objc; path = SBJsonParser.m; sourceTree = "<group>"; };
		3B5E9E6D17DEE806002D317A /* SBJsonStreamParser.h */ = {isa = PBXFileReference; fileEncoding = 4; lastKnownFileType = sourcecode.c.h; path = SBJsonStreamParser.h; sourceTree = "<group>"; };
		3B5E9E6E17DEE806002D317A /* SBJsonStreamParser.m */ = {isa = PBXFileReference; fileEncoding = 4; lastKnownFileType = sourcecode.c.objc; path = SBJsonStreamParser.m; sourceTree = "<group>"; };
		3B5E9E6F17DEE806002D317A /* SBJsonStreamParserAccumulator.h */ = {isa = PBXFileReference; fileEncoding = 4; lastKnownFileType = sourcecode.c.h; path = SBJsonStreamParserAccumulator.h; sourceTree = "<group>"; };
		3B5E9E7017DEE806002D317A /* SBJsonStreamParserAccumulator.m */ = {isa = PBXFileReference; fileEncoding = 4; lastKnownFileType = sourcecode.c.objc; path = SBJsonStreamParserAccumulator.m; sourceTree = "<group>"; };
		3B5E9E7117DEE806002D317A /* SBJsonStreamParserAdapter.h */ = {isa = PBXFileReference; fileEncoding = 4; lastKnownFileType = sourcecode.c.h; path = SBJsonStreamParserAdapter.h; sourceTree = "<group>"; };
		3B5E9E7217DEE806002D317A /* SBJsonStreamParserAdapter.m */ = {isa = PBXFileReference; fileEncoding = 4; lastKnownFileType = sourcecode.c.objc; path = SBJsonStreamParserAdapter.m; sourceTree = "<group>"; };
		3B5E9E7317DEE806002D317A /* SBJsonStreamParserState.h */ = {isa = PBXFileReference; fileEncoding = 4; lastKnownFileType = sourcecode.c.h; path = SBJsonStreamParserState.h; sourceTree = "<group>"; };
		3B5E9E7417DEE806002D317A /* SBJsonStreamParserState.m */ = {isa = PBXFileReference; fileEncoding = 4; lastKnownFileType = sourcecode.c.objc; path = SBJsonStreamParserState.m; sourceTree = "<group>"; };
		3B5E9E7517DEE806002D317A /* SBJsonStreamWriter.h */ = {isa = PBXFileReference; fileEncoding = 4; lastKnownFileType = sourcecode.c.h; path = SBJsonStreamWriter.h; sourceTree = "<group>"; };
		3B5E9E7617DEE806002D317A /* SBJsonStreamWriter.m */ = {isa = PBXFileReference; fileEncoding = 4; lastKnownFileType = sourcecode.c.objc; path = SBJsonStreamWriter.m; sourceTree = "<group>"; };
		3B5E9E7717DEE806002D317A /* SBJsonStreamWriterAccumulator.h */ = {isa = PBXFileReference; fileEncoding = 4; lastKnownFileType = sourcecode.c.h; path = SBJsonStreamWriterAccumulator.h; sourceTree = "<group>"; };
		3B5E9E7817DEE806002D317A /* SBJsonStreamWriterAccumulator.m */ = {isa = PBXFileReference; fileEncoding = 4; lastKnownFileType = sourcecode.c.objc; path = SBJsonStreamWriterAccumulator.m; sourceTree = "<group>"; };
		3B5E9E7917DEE806002D317A /* SBJsonStreamWriterState.h */ = {isa = PBXFileReference; fileEncoding = 4; lastKnownFileType = sourcecode.c.h; path = SBJsonStreamWriterState.h; sourceTree = "<group>"; };
		3B5E9E7A17DEE806002D317A /* SBJsonStreamWriterState.m */ = {isa = PBXFileReference; fileEncoding = 4; lastKnownFileType = sourcecode.c.objc; path = SBJsonStreamWriterState.m; sourceTree = "<group>"; };
		3B5E9E7B17DEE806002D317A /* SBJsonTokeniser.h */ = {isa = PBXFileReference; fileEncoding = 4; lastKnownFileType = sourcecode.c.h; path = SBJsonTokeniser.h; sourceTree = "<group>"; };
		3B5E9E7C17DEE806002D317A /* SBJsonTokeniser.m */ = {isa = PBXFileReference; fileEncoding = 4; lastKnownFileType = sourcecode.c.objc; path = SBJsonTokeniser.m; sourceTree = "<group>"; };
		3B5E9E7D17DEE806002D317A /* SBJsonUTF8Stream.h */ = {isa = PBXFileReference; fileEncoding = 4; lastKnownFileType = sourcecode.c.h; path = SBJsonUTF8Stream.h; sourceTree = "<group>"; };
		3B5E9E7E17DEE806002D317A /* SBJsonUTF8Stream.m */ = {isa = PBXFileReference; fileEncoding = 4; lastKnownFileType = sourcecode.c.objc; path = SBJsonUTF8Stream.m; sourceTree = "<group>"; };
		3B5E9E7F17DEE806002D317A /* SBJsonWriter.h */ = {isa = PBXFileReference; fileEncoding = 4; lastKnownFileType = sourcecode.c.h; path = SBJsonWriter.h; sourceTree = "<group>"; };
		3B5E9E8017DEE806002D317A /* SBJsonWriter.m */ = {isa = PBXFileReference; fileEncoding = 4; lastKnownFileType = sourcecode.c.objc; path = SBJsonWriter.m; sourceTree = "<group>"; };
		3B5E9E8217DEE806002D317A /* SocketIO.h */ = {isa = PBXFileReference; fileEncoding = 4; lastKnownFileType = sourcecode.c.h; path = SocketIO.h; sourceTree = "<group>"; };
		3B5E9E8317DEE806002D317A /* SocketIO.m */ = {isa = PBXFileReference; fileEncoding = 4; lastKnownFileType = sourcecode.c.objc; path = SocketIO.m; sourceTree = "<group>"; };
		3B5E9E8417DEE806002D317A /* SocketIOJSONSerialization.h */ = {isa = PBXFileReference; fileEncoding = 4; lastKnownFileType = sourcecode.c.h; path = SocketIOJSONSerialization.h; sourceTree = "<group>"; };
		3B5E9E8517DEE806002D317A /* SocketIOJSONSerialization.m */ = {isa = PBXFileReference; fileEncoding = 4; lastKnownFileType = sourcecode.c.objc; path = SocketIOJSONSerialization.m; sourceTree = "<group>"; };
		3B5E9E8617DEE806002D317A /* SocketIOPacket.h */ = {isa = PBXFileReference; fileEncoding = 4; lastKnownFileType = sourcecode.c.h; path = SocketIOPacket.h; sourceTree = "<group>"; };
		3B5E9E8717DEE806002D317A /* SocketIOPacket.m */ = {isa = PBXFileReference; fileEncoding = 4; lastKnownFileType = sourcecode.c.objc; path = SocketIOPacket.m; sourceTree = "<group>"; };
		3B5E9E8817DEE806002D317A /* SocketIOTransport.h */ = {isa = PBXFileReference; fileEncoding = 4; lastKnownFileType = sourcecode.c.h; path = SocketIOTransport.h; sourceTree = "<group>"; };
		3B5E9E8917DEE806002D317A /* SocketIOTransportWebsocket.h */ = {isa = PBXFileReference; fileEncoding = 4; lastKnownFileType = sourcecode.c.h; path = SocketIOTransportWebsocket.h; sourceTree = "<group>"; };
		3B5E9E8A17DEE806002D317A /* SocketIOTransportWebsocket.m */ = {isa = PBXFileReference; fileEncoding = 4; lastKnownFileType = sourcecode.c.objc; path = SocketIOTransportWebsocket.m; sourceTree = "<group>"; };
		3B5E9E8B17DEE806002D317A /* SocketIOTransportXHR.h */ = {isa = PBXFileReference; fileEncoding = 4; lastKnownFileType = sourcecode.c.h; path = SocketIOTransportXHR.h; sourceTree = "<group>"; };
		3B5E9E8C17DEE806002D317A /* SocketIOTransportXHR.m */ = {isa = PBXFileReference; fileEncoding = 4; lastKnownFileType = sourcecode.c.objc; path = SocketIOTransportXHR.m; sourceTree = "<group>"; };
		3B5E9E8E17DEE806002D317A /* base64.c */ = {isa = PBXFileReference; fileEncoding = 4; lastKnownFileType = sourcecode.c.c; path = base64.c; sourceTree = "<group>"; };
		3B5E9E8F17DEE806002D317A /* base64.h */ = {isa = PBXFileReference; fileEncoding = 4; lastKnownFileType = sourcecode.c.h; path = base64.h; sourceTree = "<group>"; };
		3B5E9E9017DEE806002D317A /* NSData+SRB64Additions.h */ = {isa = PBXFileReference; fileEncoding = 4; lastKnownFileType = sourcecode.c.h; path = "NSData+SRB64Additions.h"; sourceTree = "<group>"; };
		3B5E9E9117DEE806002D317A /* NSData+SRB64Additions.m */ = {isa = PBXFileReference; fileEncoding = 4; lastKnownFileType = sourcecode.c.objc; path = "NSData+SRB64Additions.m"; sourceTree = "<group>"; };
		3B5E9E9217DEE806002D317A /* SocketRocket-Prefix.pch */ = {isa = PBXFileReference; fileEncoding = 4; lastKnownFileType = sourcecode.c.h; path = "SocketRocket-Prefix.pch"; sourceTree = "<group>"; };
		3B5E9E9317DEE806002D317A /* SRWebSocket.h */ = {isa = PBXFileReference; fileEncoding = 4; lastKnownFileType = sourcecode.c.h; path = SRWebSocket.h; sourceTree = "<group>"; };
		3B5E9E9417DEE806002D317A /* SRWebSocket.m */ = {isa = PBXFileReference; fileEncoding = 4; lastKnownFileType = sourcecode.c.objc; path = SRWebSocket.m; sourceTree = "<group>"; };
		3B5E9EA917DEE813002D317A /* Security.framework */ = {isa = PBXFileReference; lastKnownFileType = wrapper.framework; name = Security.framework; path = System/Library/Frameworks/Security.framework; sourceTree = SDKROOT; };
		3B5E9EAB17DEE828002D317A /* CFNetwork.framework */ = {isa = PBXFileReference; lastKnownFileType = wrapper.framework; name = CFNetwork.framework; path = System/Library/Frameworks/CFNetwork.framework; sourceTree = SDKROOT; };
		3B5E9EAD17DEE843002D317A /* libicucore.dylib */ = {isa = PBXFileReference; lastKnownFileType = "compiled.mach-o.dylib"; name = libicucore.dylib; path = usr/lib/libicucore.dylib; sourceTree = SDKROOT; };
		3B651E2317E0371700B07B24 /* doyo_06@2x.png */ = {isa = PBXFileReference; lastKnownFileType = image.png; path = "doyo_06@2x.png"; sourceTree = "<group>"; };
		3B651E2517E03AB500B07B24 /* tab_back@2x.png */ = {isa = PBXFileReference; lastKnownFileType = image.png; path = "tab_back@2x.png"; sourceTree = "<group>"; };
		3B651E2717E03C3F00B07B24 /* tab_selected_back@2x.png */ = {isa = PBXFileReference; lastKnownFileType = image.png; path = "tab_selected_back@2x.png"; sourceTree = "<group>"; };
		3BA2A78717D8267F009342F9 /* DYCell.h */ = {isa = PBXFileReference; fileEncoding = 4; lastKnownFileType = sourcecode.c.h; path = DYCell.h; sourceTree = "<group>"; };
		3BA2A78817D8267F009342F9 /* DYCell.m */ = {isa = PBXFileReference; fileEncoding = 4; lastKnownFileType = sourcecode.c.objc; path = DYCell.m; sourceTree = "<group>"; };
		3BA2A78A17D83F56009342F9 /* DYManager.h */ = {isa = PBXFileReference; fileEncoding = 4; lastKnownFileType = sourcecode.c.h; path = DYManager.h; sourceTree = "<group>"; };
		3BA2A78B17D83F56009342F9 /* DYManager.m */ = {isa = PBXFileReference; fileEncoding = 4; lastKnownFileType = sourcecode.c.objc; path = DYManager.m; sourceTree = "<group>"; };
		3BA53BE017DD8AB400800388 /* DYTwiLoginViewController.h */ = {isa = PBXFileReference; fileEncoding = 4; lastKnownFileType = sourcecode.c.h; path = DYTwiLoginViewController.h; sourceTree = "<group>"; };
		3BA53BE117DD8AB400800388 /* DYTwiLoginViewController.m */ = {isa = PBXFileReference; fileEncoding = 4; lastKnownFileType = sourcecode.c.objc; path = DYTwiLoginViewController.m; sourceTree = "<group>"; };
		3BA53BE217DD8AB400800388 /* DYTwiLoginViewController.xib */ = {isa = PBXFileReference; fileEncoding = 4; lastKnownFileType = file.xib; path = DYTwiLoginViewController.xib; sourceTree = "<group>"; };
		3BA53BE517DD8B8700800388 /* Accounts.framework */ = {isa = PBXFileReference; lastKnownFileType = wrapper.framework; name = Accounts.framework; path = System/Library/Frameworks/Accounts.framework; sourceTree = SDKROOT; };
		3BA53BE717DD8B8E00800388 /* Social.framework */ = {isa = PBXFileReference; lastKnownFileType = wrapper.framework; name = Social.framework; path = System/Library/Frameworks/Social.framework; sourceTree = SDKROOT; };
		3BA53BEC17DD9F4500800388 /* SVProgressHUD.bundle */ = {isa = PBXFileReference; lastKnownFileType = "wrapper.plug-in"; path = SVProgressHUD.bundle; sourceTree = "<group>"; };
		3BA53BED17DD9F4500800388 /* SVProgressHUD.h */ = {isa = PBXFileReference; fileEncoding = 4; lastKnownFileType = sourcecode.c.h; path = SVProgressHUD.h; sourceTree = "<group>"; };
		3BA53BEE17DD9F4500800388 /* SVProgressHUD.m */ = {isa = PBXFileReference; fileEncoding = 4; lastKnownFileType = sourcecode.c.objc; path = SVProgressHUD.m; sourceTree = "<group>"; };
		3BCE251217D71C9F00C9ABC1 /* Doyo.app */ = {isa = PBXFileReference; explicitFileType = wrapper.application; includeInIndex = 0; path = Doyo.app; sourceTree = BUILT_PRODUCTS_DIR; };
		3BCE251517D71C9F00C9ABC1 /* UIKit.framework */ = {isa = PBXFileReference; lastKnownFileType = wrapper.framework; name = UIKit.framework; path = System/Library/Frameworks/UIKit.framework; sourceTree = SDKROOT; };
		3BCE251717D71C9F00C9ABC1 /* Foundation.framework */ = {isa = PBXFileReference; lastKnownFileType = wrapper.framework; name = Foundation.framework; path = System/Library/Frameworks/Foundation.framework; sourceTree = SDKROOT; };
		3BCE251917D71C9F00C9ABC1 /* CoreGraphics.framework */ = {isa = PBXFileReference; lastKnownFileType = wrapper.framework; name = CoreGraphics.framework; path = System/Library/Frameworks/CoreGraphics.framework; sourceTree = SDKROOT; };
		3BCE251D17D71CA000C9ABC1 /* Doyo-Info.plist */ = {isa = PBXFileReference; lastKnownFileType = text.plist.xml; path = "Doyo-Info.plist"; sourceTree = "<group>"; };
		3BCE251F17D71CA000C9ABC1 /* en */ = {isa = PBXFileReference; lastKnownFileType = text.plist.strings; name = en; path = en.lproj/InfoPlist.strings; sourceTree = "<group>"; };
		3BCE252117D71CA000C9ABC1 /* main.m */ = {isa = PBXFileReference; lastKnownFileType = sourcecode.c.objc; path = main.m; sourceTree = "<group>"; };
		3BCE252317D71CA000C9ABC1 /* Doyo-Prefix.pch */ = {isa = PBXFileReference; lastKnownFileType = sourcecode.c.h; path = "Doyo-Prefix.pch"; sourceTree = "<group>"; };
		3BCE252417D71CA000C9ABC1 /* DYAppDelegate.h */ = {isa = PBXFileReference; lastKnownFileType = sourcecode.c.h; path = DYAppDelegate.h; sourceTree = "<group>"; };
		3BCE252517D71CA000C9ABC1 /* DYAppDelegate.m */ = {isa = PBXFileReference; lastKnownFileType = sourcecode.c.objc; path = DYAppDelegate.m; sourceTree = "<group>"; };
		3BCE252717D71CA000C9ABC1 /* Default.png */ = {isa = PBXFileReference; lastKnownFileType = image.png; path = Default.png; sourceTree = "<group>"; };
		3BCE252917D71CA000C9ABC1 /* Default@2x.png */ = {isa = PBXFileReference; lastKnownFileType = image.png; path = "Default@2x.png"; sourceTree = "<group>"; };
		3BCE252B17D71CA000C9ABC1 /* Default-568h@2x.png */ = {isa = PBXFileReference; lastKnownFileType = image.png; path = "Default-568h@2x.png"; sourceTree = "<group>"; };
		3BE20BCB17D8D90B001B3D85 /* DYTLViewController.h */ = {isa = PBXFileReference; fileEncoding = 4; lastKnownFileType = sourcecode.c.h; path = DYTLViewController.h; sourceTree = "<group>"; };
		3BE20BCC17D8D90B001B3D85 /* DYTLViewController.m */ = {isa = PBXFileReference; fileEncoding = 4; lastKnownFileType = sourcecode.c.objc; path = DYTLViewController.m; sourceTree = "<group>"; };
		3BE20BCD17D8D90B001B3D85 /* DYTLViewController.xib */ = {isa = PBXFileReference; fileEncoding = 4; lastKnownFileType = file.xib; path = DYTLViewController.xib; sourceTree = "<group>"; };
		3BF14E5A17D81DC500352727 /* DYTopicViewController.h */ = {isa = PBXFileReference; fileEncoding = 4; lastKnownFileType = sourcecode.c.h; path = DYTopicViewController.h; sourceTree = "<group>"; };
		3BF14E5B17D81DC500352727 /* DYTopicViewController.m */ = {isa = PBXFileReference; fileEncoding = 4; lastKnownFileType = sourcecode.c.objc; path = DYTopicViewController.m; sourceTree = "<group>"; };
		3BF14E5C17D81DC500352727 /* DYTopicViewController.xib */ = {isa = PBXFileReference; fileEncoding = 4; lastKnownFileType = file.xib; path = DYTopicViewController.xib; sourceTree = "<group>"; };
		3BF14E5F17D81DDD00352727 /* DYLogViewController.h */ = {isa = PBXFileReference; fileEncoding = 4; lastKnownFileType = sourcecode.c.h; path = DYLogViewController.h; sourceTree = "<group>"; };
		3BF14E6017D81DDD00352727 /* DYLogViewController.m */ = {isa = PBXFileReference; fileEncoding = 4; lastKnownFileType = sourcecode.c.objc; path = DYLogViewController.m; sourceTree = "<group>"; };
		3BF14E6117D81DDD00352727 /* DYLogViewController.xib */ = {isa = PBXFileReference; fileEncoding = 4; lastKnownFileType = file.xib; path = DYLogViewController.xib; sourceTree = "<group>"; };
		3BF14E6417D81DF400352727 /* DYProfileViewController.h */ = {isa = PBXFileReference; fileEncoding = 4; lastKnownFileType = sourcecode.c.h; path = DYProfileViewController.h; sourceTree = "<group>"; };
		3BF14E6517D81DF500352727 /* DYProfileViewController.m */ = {isa = PBXFileReference; fileEncoding = 4; lastKnownFileType = sourcecode.c.objc; path = DYProfileViewController.m; sourceTree = "<group>"; };
		3BF14E6617D81DF500352727 /* DYProfileViewController.xib */ = {isa = PBXFileReference; fileEncoding = 4; lastKnownFileType = file.xib; path = DYProfileViewController.xib; sourceTree = "<group>"; };
		3BF14E6917D81E8F00352727 /* DYCommentPostViewController.h */ = {isa = PBXFileReference; fileEncoding = 4; lastKnownFileType = sourcecode.c.h; path = DYCommentPostViewController.h; sourceTree = "<group>"; };
		3BF14E6A17D81E8F00352727 /* DYCommentPostViewController.m */ = {isa = PBXFileReference; fileEncoding = 4; lastKnownFileType = sourcecode.c.objc; path = DYCommentPostViewController.m; sourceTree = "<group>"; };
		3BF14E6B17D81E8F00352727 /* DYCommentPostViewController.xib */ = {isa = PBXFileReference; fileEncoding = 4; lastKnownFileType = file.xib; path = DYCommentPostViewController.xib; sourceTree = "<group>"; };
		3BF14E6E17D81EAD00352727 /* DYTopicPostViewController.h */ = {isa = PBXFileReference; fileEncoding = 4; lastKnownFileType = sourcecode.c.h; path = DYTopicPostViewController.h; sourceTree = "<group>"; };
		3BF14E6F17D81EAD00352727 /* DYTopicPostViewController.m */ = {isa = PBXFileReference; fileEncoding = 4; lastKnownFileType = sourcecode.c.objc; path = DYTopicPostViewController.m; sourceTree = "<group>"; };
		3BF14E7017D81EAD00352727 /* DYTopicPostViewController.xib */ = {isa = PBXFileReference; fileEncoding = 4; lastKnownFileType = file.xib; path = DYTopicPostViewController.xib; sourceTree = "<group>"; };
/* End PBXFileReference section */

/* Begin PBXFrameworksBuildPhase section */
		3BCE250F17D71C9F00C9ABC1 /* Frameworks */ = {
			isa = PBXFrameworksBuildPhase;
			buildActionMask = 2147483647;
			files = (
				3B5E9EB117DEE869002D317A /* Security.framework in Frameworks */,
				3B5E9EB017DEE861002D317A /* CFNetwork.framework in Frameworks */,
				3B5E9EAF17DEE858002D317A /* libicucore.dylib in Frameworks */,
				3BA53BEA17DD8BA500800388 /* Social.framework in Frameworks */,
				3BA53BE917DD8B9E00800388 /* Accounts.framework in Frameworks */,
				3B428C9017D9930C00A6DB3C /* QuartzCore.framework in Frameworks */,
				3BCE251617D71C9F00C9ABC1 /* UIKit.framework in Frameworks */,
				3BCE251817D71C9F00C9ABC1 /* Foundation.framework in Frameworks */,
				3BCE251A17D71C9F00C9ABC1 /* CoreGraphics.framework in Frameworks */,
			);
			runOnlyForDeploymentPostprocessing = 0;
		};
/* End PBXFrameworksBuildPhase section */

/* Begin PBXGroup section */
		3B428C8717D992B100A6DB3C /* SVSegmentedControl */ = {
			isa = PBXGroup;
			children = (
				3B428C8817D992B100A6DB3C /* SVSegmentedControl.h */,
				3B428C8917D992B100A6DB3C /* SVSegmentedControl.m */,
				3B428C8A17D992B100A6DB3C /* SVSegmentedThumb.h */,
				3B428C8B17D992B100A6DB3C /* SVSegmentedThumb.m */,
			);
			path = SVSegmentedControl;
			sourceTree = "<group>";
		};
		3B5E231217D9C001008C8D14 /* Model */ = {
			isa = PBXGroup;
			children = (
				3B5E231317D9C014008C8D14 /* DYModel.h */,
				3B5E231617D9C014008C8D14 /* DYModel.m */,
				3B5E231417D9C014008C8D14 /* DYTopicModel.h */,
				3B5E231517D9C014008C8D14 /* DYTopicModel.m */,
			);
			name = Model;
			sourceTree = "<group>";
		};
		3B5E9E6617DEE806002D317A /* Libs */ = {
			isa = PBXGroup;
			children = (
				3B5E9E6717DEE806002D317A /* json-framework */,
				3B5E9E8117DEE806002D317A /* socket.IO-objc */,
				3B5E9E8D17DEE806002D317A /* SocketRocket */,
			);
			path = Libs;
			sourceTree = "<group>";
		};
		3B5E9E6717DEE806002D317A /* json-framework */ = {
			isa = PBXGroup;
			children = (
				3B5E9E6817DEE806002D317A /* NSObject+SBJson.h */,
				3B5E9E6917DEE806002D317A /* NSObject+SBJson.m */,
				3B5E9E6A17DEE806002D317A /* SBJson.h */,
				3B5E9E6B17DEE806002D317A /* SBJsonParser.h */,
				3B5E9E6C17DEE806002D317A /* SBJsonParser.m */,
				3B5E9E6D17DEE806002D317A /* SBJsonStreamParser.h */,
				3B5E9E6E17DEE806002D317A /* SBJsonStreamParser.m */,
				3B5E9E6F17DEE806002D317A /* SBJsonStreamParserAccumulator.h */,
				3B5E9E7017DEE806002D317A /* SBJsonStreamParserAccumulator.m */,
				3B5E9E7117DEE806002D317A /* SBJsonStreamParserAdapter.h */,
				3B5E9E7217DEE806002D317A /* SBJsonStreamParserAdapter.m */,
				3B5E9E7317DEE806002D317A /* SBJsonStreamParserState.h */,
				3B5E9E7417DEE806002D317A /* SBJsonStreamParserState.m */,
				3B5E9E7517DEE806002D317A /* SBJsonStreamWriter.h */,
				3B5E9E7617DEE806002D317A /* SBJsonStreamWriter.m */,
				3B5E9E7717DEE806002D317A /* SBJsonStreamWriterAccumulator.h */,
				3B5E9E7817DEE806002D317A /* SBJsonStreamWriterAccumulator.m */,
				3B5E9E7917DEE806002D317A /* SBJsonStreamWriterState.h */,
				3B5E9E7A17DEE806002D317A /* SBJsonStreamWriterState.m */,
				3B5E9E7B17DEE806002D317A /* SBJsonTokeniser.h */,
				3B5E9E7C17DEE806002D317A /* SBJsonTokeniser.m */,
				3B5E9E7D17DEE806002D317A /* SBJsonUTF8Stream.h */,
				3B5E9E7E17DEE806002D317A /* SBJsonUTF8Stream.m */,
				3B5E9E7F17DEE806002D317A /* SBJsonWriter.h */,
				3B5E9E8017DEE806002D317A /* SBJsonWriter.m */,
			);
			path = "json-framework";
			sourceTree = "<group>";
		};
		3B5E9E8117DEE806002D317A /* socket.IO-objc */ = {
			isa = PBXGroup;
			children = (
				3B5E9E8217DEE806002D317A /* SocketIO.h */,
				3B5E9E8317DEE806002D317A /* SocketIO.m */,
				3B5E9E8417DEE806002D317A /* SocketIOJSONSerialization.h */,
				3B5E9E8517DEE806002D317A /* SocketIOJSONSerialization.m */,
				3B5E9E8617DEE806002D317A /* SocketIOPacket.h */,
				3B5E9E8717DEE806002D317A /* SocketIOPacket.m */,
				3B5E9E8817DEE806002D317A /* SocketIOTransport.h */,
				3B5E9E8917DEE806002D317A /* SocketIOTransportWebsocket.h */,
				3B5E9E8A17DEE806002D317A /* SocketIOTransportWebsocket.m */,
				3B5E9E8B17DEE806002D317A /* SocketIOTransportXHR.h */,
				3B5E9E8C17DEE806002D317A /* SocketIOTransportXHR.m */,
			);
			path = "socket.IO-objc";
			sourceTree = "<group>";
		};
		3B5E9E8D17DEE806002D317A /* SocketRocket */ = {
			isa = PBXGroup;
			children = (
				3B5E9E8E17DEE806002D317A /* base64.c */,
				3B5E9E8F17DEE806002D317A /* base64.h */,
				3B5E9E9017DEE806002D317A /* NSData+SRB64Additions.h */,
				3B5E9E9117DEE806002D317A /* NSData+SRB64Additions.m */,
				3B5E9E9217DEE806002D317A /* SocketRocket-Prefix.pch */,
				3B5E9E9317DEE806002D317A /* SRWebSocket.h */,
				3B5E9E9417DEE806002D317A /* SRWebSocket.m */,
			);
			path = SocketRocket;
			sourceTree = "<group>";
		};
		3B651E2217E0371700B07B24 /* image */ = {
			isa = PBXGroup;
			children = (
				3B651E2717E03C3F00B07B24 /* tab_selected_back@2x.png */,
				3B651E2517E03AB500B07B24 /* tab_back@2x.png */,
				3B651E2317E0371700B07B24 /* doyo_06@2x.png */,
			);
			path = image;
			sourceTree = "<group>";
		};
		3BA53BEB17DD9F4500800388 /* SVProgressHUD */ = {
			isa = PBXGroup;
			children = (
				3BA53BEC17DD9F4500800388 /* SVProgressHUD.bundle */,
				3BA53BED17DD9F4500800388 /* SVProgressHUD.h */,
				3BA53BEE17DD9F4500800388 /* SVProgressHUD.m */,
			);
			path = SVProgressHUD;
			sourceTree = "<group>";
		};
		3BCE250917D71C9F00C9ABC1 = {
			isa = PBXGroup;
			children = (
				3BCE251B17D71CA000C9ABC1 /* Doyo */,
				3BCE251417D71C9F00C9ABC1 /* Frameworks */,
				3BCE251317D71C9F00C9ABC1 /* Products */,
			);
			sourceTree = "<group>";
		};
		3BCE251317D71C9F00C9ABC1 /* Products */ = {
			isa = PBXGroup;
			children = (
				3BCE251217D71C9F00C9ABC1 /* Doyo.app */,
			);
			name = Products;
			sourceTree = "<group>";
		};
		3BCE251417D71C9F00C9ABC1 /* Frameworks */ = {
			isa = PBXGroup;
			children = (
				3B5E9EAD17DEE843002D317A /* libicucore.dylib */,
				3B5E9EAB17DEE828002D317A /* CFNetwork.framework */,
				3B5E9EA917DEE813002D317A /* Security.framework */,
				3BA53BE717DD8B8E00800388 /* Social.framework */,
				3BA53BE517DD8B8700800388 /* Accounts.framework */,
				3B428C8E17D992F900A6DB3C /* QuartzCore.framework */,
				3BCE251517D71C9F00C9ABC1 /* UIKit.framework */,
				3BCE251717D71C9F00C9ABC1 /* Foundation.framework */,
				3BCE251917D71C9F00C9ABC1 /* CoreGraphics.framework */,
			);
			name = Frameworks;
			sourceTree = "<group>";
		};
		3BCE251B17D71CA000C9ABC1 /* Doyo */ = {
			isa = PBXGroup;
			children = (
				3B651E2217E0371700B07B24 /* image */,
				3B5E9E6617DEE806002D317A /* Libs */,
				3BA53BEB17DD9F4500800388 /* SVProgressHUD */,
				3B428C8717D992B100A6DB3C /* SVSegmentedControl */,
				3B5E231217D9C001008C8D14 /* Model */,
				3BCE252417D71CA000C9ABC1 /* DYAppDelegate.h */,
				3BCE252517D71CA000C9ABC1 /* DYAppDelegate.m */,
				3BA53BE017DD8AB400800388 /* DYTwiLoginViewController.h */,
				3BA53BE117DD8AB400800388 /* DYTwiLoginViewController.m */,
				3BA53BE217DD8AB400800388 /* DYTwiLoginViewController.xib */,
				3BA2A78A17D83F56009342F9 /* DYManager.h */,
				3BA2A78B17D83F56009342F9 /* DYManager.m */,
				3BA2A78717D8267F009342F9 /* DYCell.h */,
				3BA2A78817D8267F009342F9 /* DYCell.m */,
				3BE20BCB17D8D90B001B3D85 /* DYTLViewController.h */,
				3BE20BCC17D8D90B001B3D85 /* DYTLViewController.m */,
				3BE20BCD17D8D90B001B3D85 /* DYTLViewController.xib */,
				3BF14E5A17D81DC500352727 /* DYTopicViewController.h */,
				3BF14E5B17D81DC500352727 /* DYTopicViewController.m */,
				3BF14E5C17D81DC500352727 /* DYTopicViewController.xib */,
				3BF14E5F17D81DDD00352727 /* DYLogViewController.h */,
				3BF14E6017D81DDD00352727 /* DYLogViewController.m */,
				3BF14E6117D81DDD00352727 /* DYLogViewController.xib */,
				3B5E9E6117DEB8EF002D317A /* DYLogContentViewController.h */,
				3B5E9E6217DEB8EF002D317A /* DYLogContentViewController.m */,
				3B5E9E6317DEB8EF002D317A /* DYLogContentViewController.xib */,
				3BF14E6417D81DF400352727 /* DYProfileViewController.h */,
				3BF14E6517D81DF500352727 /* DYProfileViewController.m */,
				3BF14E6617D81DF500352727 /* DYProfileViewController.xib */,
				3BF14E6917D81E8F00352727 /* DYCommentPostViewController.h */,
				3BF14E6A17D81E8F00352727 /* DYCommentPostViewController.m */,
				3BF14E6B17D81E8F00352727 /* DYCommentPostViewController.xib */,
				3BF14E6E17D81EAD00352727 /* DYTopicPostViewController.h */,
				3BF14E6F17D81EAD00352727 /* DYTopicPostViewController.m */,
				3BF14E7017D81EAD00352727 /* DYTopicPostViewController.xib */,
				3BCE251C17D71CA000C9ABC1 /* Supporting Files */,
			);
			path = Doyo;
			sourceTree = "<group>";
		};
		3BCE251C17D71CA000C9ABC1 /* Supporting Files */ = {
			isa = PBXGroup;
			children = (
				3BCE251D17D71CA000C9ABC1 /* Doyo-Info.plist */,
				3BCE251E17D71CA000C9ABC1 /* InfoPlist.strings */,
				3BCE252117D71CA000C9ABC1 /* main.m */,
				3BCE252317D71CA000C9ABC1 /* Doyo-Prefix.pch */,
				3BCE252717D71CA000C9ABC1 /* Default.png */,
				3BCE252917D71CA000C9ABC1 /* Default@2x.png */,
				3BCE252B17D71CA000C9ABC1 /* Default-568h@2x.png */,
			);
			name = "Supporting Files";
			sourceTree = "<group>";
		};
/* End PBXGroup section */

/* Begin PBXNativeTarget section */
		3BCE251117D71C9F00C9ABC1 /* Doyo */ = {
			isa = PBXNativeTarget;
			buildConfigurationList = 3BCE253517D71CA000C9ABC1 /* Build configuration list for PBXNativeTarget "Doyo" */;
			buildPhases = (
				3BCE250E17D71C9F00C9ABC1 /* Sources */,
				3BCE250F17D71C9F00C9ABC1 /* Frameworks */,
				3BCE251017D71C9F00C9ABC1 /* Resources */,
			);
			buildRules = (
			);
			dependencies = (
			);
			name = Doyo;
			productName = Doyo;
			productReference = 3BCE251217D71C9F00C9ABC1 /* Doyo.app */;
			productType = "com.apple.product-type.application";
		};
/* End PBXNativeTarget section */

/* Begin PBXProject section */
		3BCE250A17D71C9F00C9ABC1 /* Project object */ = {
			isa = PBXProject;
			attributes = {
				CLASSPREFIX = DY;
				LastUpgradeCheck = 0460;
				ORGANIZATIONNAME = "小田 祐万";
			};
			buildConfigurationList = 3BCE250D17D71C9F00C9ABC1 /* Build configuration list for PBXProject "Doyo" */;
			compatibilityVersion = "Xcode 3.2";
			developmentRegion = English;
			hasScannedForEncodings = 0;
			knownRegions = (
				en,
			);
			mainGroup = 3BCE250917D71C9F00C9ABC1;
			productRefGroup = 3BCE251317D71C9F00C9ABC1 /* Products */;
			projectDirPath = "";
			projectRoot = "";
			targets = (
				3BCE251117D71C9F00C9ABC1 /* Doyo */,
			);
		};
/* End PBXProject section */

/* Begin PBXResourcesBuildPhase section */
		3BCE251017D71C9F00C9ABC1 /* Resources */ = {
			isa = PBXResourcesBuildPhase;
			buildActionMask = 2147483647;
			files = (
				3BCE252017D71CA000C9ABC1 /* InfoPlist.strings in Resources */,
				3BCE252817D71CA000C9ABC1 /* Default.png in Resources */,
				3BCE252A17D71CA000C9ABC1 /* Default@2x.png in Resources */,
				3BCE252C17D71CA000C9ABC1 /* Default-568h@2x.png in Resources */,
				3BF14E5E17D81DC500352727 /* DYTopicViewController.xib in Resources */,
				3BF14E6317D81DDD00352727 /* DYLogViewController.xib in Resources */,
				3BF14E6817D81DF500352727 /* DYProfileViewController.xib in Resources */,
				3BF14E6D17D81E8F00352727 /* DYCommentPostViewController.xib in Resources */,
				3BF14E7217D81EAD00352727 /* DYTopicPostViewController.xib in Resources */,
				3BE20BCF17D8D90B001B3D85 /* DYTLViewController.xib in Resources */,
				3BA53BE417DD8AB400800388 /* DYTwiLoginViewController.xib in Resources */,
				3BA53BEF17DD9F4500800388 /* SVProgressHUD.bundle in Resources */,
				3B5E9E6517DEB8EF002D317A /* DYLogContentViewController.xib in Resources */,
				3B651E2417E0371700B07B24 /* doyo_06@2x.png in Resources */,
				3B651E2617E03AB500B07B24 /* tab_back@2x.png in Resources */,
				3B651E2817E03C3F00B07B24 /* tab_selected_back@2x.png in Resources */,
			);
			runOnlyForDeploymentPostprocessing = 0;
		};
/* End PBXResourcesBuildPhase section */

/* Begin PBXSourcesBuildPhase section */
		3BCE250E17D71C9F00C9ABC1 /* Sources */ = {
			isa = PBXSourcesBuildPhase;
			buildActionMask = 2147483647;
			files = (
				3BCE252217D71CA000C9ABC1 /* main.m in Sources */,
				3BCE252617D71CA000C9ABC1 /* DYAppDelegate.m in Sources */,
				3BF14E5D17D81DC500352727 /* DYTopicViewController.m in Sources */,
				3BF14E6217D81DDD00352727 /* DYLogViewController.m in Sources */,
				3BF14E6717D81DF500352727 /* DYProfileViewController.m in Sources */,
				3BF14E6C17D81E8F00352727 /* DYCommentPostViewController.m in Sources */,
				3BF14E7117D81EAD00352727 /* DYTopicPostViewController.m in Sources */,
				3BA2A78917D82680009342F9 /* DYCell.m in Sources */,
				3BA2A78C17D83F56009342F9 /* DYManager.m in Sources */,
				3BE20BCE17D8D90B001B3D85 /* DYTLViewController.m in Sources */,
				3B428C8C17D992B100A6DB3C /* SVSegmentedControl.m in Sources */,
				3B428C8D17D992B100A6DB3C /* SVSegmentedThumb.m in Sources */,
				3B5E231717D9C014008C8D14 /* DYTopicModel.m in Sources */,
				3B5E231817D9C014008C8D14 /* DYModel.m in Sources */,
				3BA53BE317DD8AB400800388 /* DYTwiLoginViewController.m in Sources */,
				3BA53BF017DD9F4500800388 /* SVProgressHUD.m in Sources */,
				3B5E9E6417DEB8EF002D317A /* DYLogContentViewController.m in Sources */,
				3B5E9E9517DEE806002D317A /* NSObject+SBJson.m in Sources */,
				3B5E9E9617DEE806002D317A /* SBJsonParser.m in Sources */,
				3B5E9E9717DEE806002D317A /* SBJsonStreamParser.m in Sources */,
				3B5E9E9817DEE806002D317A /* SBJsonStreamParserAccumulator.m in Sources */,
				3B5E9E9917DEE806002D317A /* SBJsonStreamParserAdapter.m in Sources */,
				3B5E9E9A17DEE806002D317A /* SBJsonStreamParserState.m in Sources */,
				3B5E9E9B17DEE806002D317A /* SBJsonStreamWriter.m in Sources */,
				3B5E9E9C17DEE806002D317A /* SBJsonStreamWriterAccumulator.m in Sources */,
				3B5E9E9D17DEE806002D317A /* SBJsonStreamWriterState.m in Sources */,
				3B5E9E9E17DEE806002D317A /* SBJsonTokeniser.m in Sources */,
				3B5E9E9F17DEE806002D317A /* SBJsonUTF8Stream.m in Sources */,
				3B5E9EA017DEE806002D317A /* SBJsonWriter.m in Sources */,
				3B5E9EA117DEE806002D317A /* SocketIO.m in Sources */,
				3B5E9EA217DEE806002D317A /* SocketIOJSONSerialization.m in Sources */,
				3B5E9EA317DEE806002D317A /* SocketIOPacket.m in Sources */,
				3B5E9EA417DEE806002D317A /* SocketIOTransportWebsocket.m in Sources */,
				3B5E9EA517DEE806002D317A /* SocketIOTransportXHR.m in Sources */,
				3B5E9EA617DEE806002D317A /* base64.c in Sources */,
				3B5E9EA717DEE806002D317A /* NSData+SRB64Additions.m in Sources */,
				3B5E9EA817DEE806002D317A /* SRWebSocket.m in Sources */,
			);
			runOnlyForDeploymentPostprocessing = 0;
		};
/* End PBXSourcesBuildPhase section */

/* Begin PBXVariantGroup section */
		3BCE251E17D71CA000C9ABC1 /* InfoPlist.strings */ = {
			isa = PBXVariantGroup;
			children = (
				3BCE251F17D71CA000C9ABC1 /* en */,
			);
			name = InfoPlist.strings;
			sourceTree = "<group>";
		};
/* End PBXVariantGroup section */

/* Begin XCBuildConfiguration section */
		3BCE253317D71CA000C9ABC1 /* Debug */ = {
			isa = XCBuildConfiguration;
			buildSettings = {
				ALWAYS_SEARCH_USER_PATHS = NO;
				CLANG_CXX_LANGUAGE_STANDARD = "gnu++0x";
				CLANG_CXX_LIBRARY = "libc++";
				CLANG_ENABLE_OBJC_ARC = YES;
				CLANG_WARN_CONSTANT_CONVERSION = YES;
				CLANG_WARN_EMPTY_BODY = YES;
				CLANG_WARN_ENUM_CONVERSION = YES;
				CLANG_WARN_INT_CONVERSION = YES;
				CLANG_WARN__DUPLICATE_METHOD_MATCH = YES;
				"CODE_SIGN_IDENTITY[sdk=iphoneos*]" = "iPhone Developer";
				COPY_PHASE_STRIP = NO;
				GCC_C_LANGUAGE_STANDARD = gnu99;
				GCC_DYNAMIC_NO_PIC = NO;
				GCC_OPTIMIZATION_LEVEL = 0;
				GCC_PREPROCESSOR_DEFINITIONS = (
					"DEBUG=1",
					"$(inherited)",
				);
				GCC_SYMBOLS_PRIVATE_EXTERN = NO;
				GCC_WARN_ABOUT_RETURN_TYPE = YES;
				GCC_WARN_UNINITIALIZED_AUTOS = YES;
				GCC_WARN_UNUSED_VARIABLE = YES;
				IPHONEOS_DEPLOYMENT_TARGET = 6.1;
				ONLY_ACTIVE_ARCH = YES;
				SDKROOT = iphoneos;
			};
			name = Debug;
		};
		3BCE253417D71CA000C9ABC1 /* Release */ = {
			isa = XCBuildConfiguration;
			buildSettings = {
				ALWAYS_SEARCH_USER_PATHS = NO;
				CLANG_CXX_LANGUAGE_STANDARD = "gnu++0x";
				CLANG_CXX_LIBRARY = "libc++";
				CLANG_ENABLE_OBJC_ARC = YES;
				CLANG_WARN_CONSTANT_CONVERSION = YES;
				CLANG_WARN_EMPTY_BODY = YES;
				CLANG_WARN_ENUM_CONVERSION = YES;
				CLANG_WARN_INT_CONVERSION = YES;
				CLANG_WARN__DUPLICATE_METHOD_MATCH = YES;
				"CODE_SIGN_IDENTITY[sdk=iphoneos*]" = "iPhone Developer";
				COPY_PHASE_STRIP = YES;
				GCC_C_LANGUAGE_STANDARD = gnu99;
				GCC_WARN_ABOUT_RETURN_TYPE = YES;
				GCC_WARN_UNINITIALIZED_AUTOS = YES;
				GCC_WARN_UNUSED_VARIABLE = YES;
				IPHONEOS_DEPLOYMENT_TARGET = 6.1;
				OTHER_CFLAGS = "-DNS_BLOCK_ASSERTIONS=1";
				SDKROOT = iphoneos;
				VALIDATE_PRODUCT = YES;
			};
			name = Release;
		};
		3BCE253617D71CA000C9ABC1 /* Debug */ = {
			isa = XCBuildConfiguration;
			buildSettings = {
				GCC_PRECOMPILE_PREFIX_HEADER = YES;
				GCC_PREFIX_HEADER = "Doyo/Doyo-Prefix.pch";
				INFOPLIST_FILE = "Doyo/Doyo-Info.plist";
				PRODUCT_NAME = "$(TARGET_NAME)";
				WRAPPER_EXTENSION = app;
			};
			name = Debug;
		};
		3BCE253717D71CA000C9ABC1 /* Release */ = {
			isa = XCBuildConfiguration;
			buildSettings = {
				GCC_PRECOMPILE_PREFIX_HEADER = YES;
				GCC_PREFIX_HEADER = "Doyo/Doyo-Prefix.pch";
				INFOPLIST_FILE = "Doyo/Doyo-Info.plist";
				PRODUCT_NAME = "$(TARGET_NAME)";
				WRAPPER_EXTENSION = app;
			};
			name = Release;
		};
/* End XCBuildConfiguration section */

/* Begin XCConfigurationList section */
		3BCE250D17D71C9F00C9ABC1 /* Build configuration list for PBXProject "Doyo" */ = {
			isa = XCConfigurationList;
			buildConfigurations = (
				3BCE253317D71CA000C9ABC1 /* Debug */,
				3BCE253417D71CA000C9ABC1 /* Release */,
			);
			defaultConfigurationIsVisible = 0;
			defaultConfigurationName = Release;
		};
		3BCE253517D71CA000C9ABC1 /* Build configuration list for PBXNativeTarget "Doyo" */ = {
			isa = XCConfigurationList;
			buildConfigurations = (
				3BCE253617D71CA000C9ABC1 /* Debug */,
				3BCE253717D71CA000C9ABC1 /* Release */,
			);
			defaultConfigurationIsVisible = 0;
			defaultConfigurationName = Release;
		};
/* End XCConfigurationList section */
	};
	rootObject = 3BCE250A17D71C9F00C9ABC1 /* Project object */;
}
